// !$*UTF8*$!
{
	archiveVersion = 1;
	classes = {
	};
	objectVersion = 56;
	objects = {

/* Begin PBXBuildFile section */
		4CAAFA062B9483CB002A956C /* AppDelegate.swift in Sources */ = {isa = PBXBuildFile; fileRef = 4CAAFA052B9483CB002A956C /* AppDelegate.swift */; };
		4CAAFA082B9483CB002A956C /* GameScene.sks in Resources */ = {isa = PBXBuildFile; fileRef = 4CAAFA072B9483CB002A956C /* GameScene.sks */; };
		4CAAFA0C2B9483CB002A956C /* GameScene.swift in Sources */ = {isa = PBXBuildFile; fileRef = 4CAAFA0B2B9483CB002A956C /* GameScene.swift */; };
		4CAAFA0E2B9483CB002A956C /* GameViewController.swift in Sources */ = {isa = PBXBuildFile; fileRef = 4CAAFA0D2B9483CB002A956C /* GameViewController.swift */; };
		4CAAFA112B9483CB002A956C /* Main.storyboard in Resources */ = {isa = PBXBuildFile; fileRef = 4CAAFA0F2B9483CB002A956C /* Main.storyboard */; };
		4CAAFA132B9483CC002A956C /* Assets.xcassets in Resources */ = {isa = PBXBuildFile; fileRef = 4CAAFA122B9483CC002A956C /* Assets.xcassets */; };
		4CAAFA162B9483CC002A956C /* LaunchScreen.storyboard in Resources */ = {isa = PBXBuildFile; fileRef = 4CAAFA142B9483CC002A956C /* LaunchScreen.storyboard */; };
		4CAAFA272B9B7D79002A956C /* teleport.sks in Resources */ = {isa = PBXBuildFile; fileRef = 4CAAFA262B9B7D79002A956C /* teleport.sks */; };
		4CAAFA3F2B9C7A64002A956C /* level3.txt in Resources */ = {isa = PBXBuildFile; fileRef = 4CAAFA3C2B9C7A64002A956C /* level3.txt */; };
		4CAAFA402B9C7A64002A956C /* level1.txt in Resources */ = {isa = PBXBuildFile; fileRef = 4CAAFA3D2B9C7A64002A956C /* level1.txt */; };
		4CAAFA412B9C7A64002A956C /* level2.txt in Resources */ = {isa = PBXBuildFile; fileRef = 4CAAFA3E2B9C7A64002A956C /* level2.txt */; };
/* End PBXBuildFile section */

/* Begin PBXFileReference section */
		4CAAFA022B9483CB002A956C /* Project26.app */ = {isa = PBXFileReference; explicitFileType = wrapper.application; includeInIndex = 0; path = Project26.app; sourceTree = BUILT_PRODUCTS_DIR; };
		4CAAFA052B9483CB002A956C /* AppDelegate.swift */ = {isa = PBXFileReference; lastKnownFileType = sourcecode.swift; path = AppDelegate.swift; sourceTree = "<group>"; };
		4CAAFA072B9483CB002A956C /* GameScene.sks */ = {isa = PBXFileReference; lastKnownFileType = file.sks; path = GameScene.sks; sourceTree = "<group>"; };
		4CAAFA0B2B9483CB002A956C /* GameScene.swift */ = {isa = PBXFileReference; lastKnownFileType = sourcecode.swift; path = GameScene.swift; sourceTree = "<group>"; };
		4CAAFA0D2B9483CB002A956C /* GameViewController.swift */ = {isa = PBXFileReference; lastKnownFileType = sourcecode.swift; path = GameViewController.swift; sourceTree = "<group>"; };
		4CAAFA102B9483CB002A956C /* Base */ = {isa = PBXFileReference; lastKnownFileType = file.storyboard; name = Base; path = Base.lproj/Main.storyboard; sourceTree = "<group>"; };
		4CAAFA122B9483CC002A956C /* Assets.xcassets */ = {isa = PBXFileReference; lastKnownFileType = folder.assetcatalog; path = Assets.xcassets; sourceTree = "<group>"; };
		4CAAFA152B9483CC002A956C /* Base */ = {isa = PBXFileReference; lastKnownFileType = file.storyboard; name = Base; path = Base.lproj/LaunchScreen.storyboard; sourceTree = "<group>"; };
		4CAAFA262B9B7D79002A956C /* teleport.sks */ = {isa = PBXFileReference; lastKnownFileType = file.sks; path = teleport.sks; sourceTree = "<group>"; };
		4CAAFA3C2B9C7A64002A956C /* level3.txt */ = {isa = PBXFileReference; fileEncoding = 4; lastKnownFileType = text; name = level3.txt; path = Content/level3.txt; sourceTree = SOURCE_ROOT; };
		4CAAFA3D2B9C7A64002A956C /* level1.txt */ = {isa = PBXFileReference; fileEncoding = 4; lastKnownFileType = text; name = level1.txt; path = Content/level1.txt; sourceTree = SOURCE_ROOT; };
		4CAAFA3E2B9C7A64002A956C /* level2.txt */ = {isa = PBXFileReference; fileEncoding = 4; lastKnownFileType = text; name = level2.txt; path = Content/level2.txt; sourceTree = SOURCE_ROOT; };
/* End PBXFileReference section */

/* Begin PBXFrameworksBuildPhase section */
		4CAAF9FF2B9483CB002A956C /* Frameworks */ = {
			isa = PBXFrameworksBuildPhase;
			buildActionMask = 2147483647;
			files = (
			);
			runOnlyForDeploymentPostprocessing = 0;
		};
/* End PBXFrameworksBuildPhase section */

/* Begin PBXGroup section */
		4CAAF9F92B9483CB002A956C = {
			isa = PBXGroup;
			children = (
				4CAAFA042B9483CB002A956C /* Project26 */,
				4CAAFA032B9483CB002A956C /* Products */,
			);
			sourceTree = "<group>";
		};
		4CAAFA032B9483CB002A956C /* Products */ = {
			isa = PBXGroup;
			children = (
				4CAAFA022B9483CB002A956C /* Project26.app */,
			);
			name = Products;
			sourceTree = "<group>";
		};
		4CAAFA042B9483CB002A956C /* Project26 */ = {
			isa = PBXGroup;
			children = (
				4CAAFA052B9483CB002A956C /* AppDelegate.swift */,
				4CAAFA072B9483CB002A956C /* GameScene.sks */,
				4CAAFA0B2B9483CB002A956C /* GameScene.swift */,
				4CAAFA262B9B7D79002A956C /* teleport.sks */,
				4CAAFA0D2B9483CB002A956C /* GameViewController.swift */,
				4CAAFA0F2B9483CB002A956C /* Main.storyboard */,
				4CAAFA122B9483CC002A956C /* Assets.xcassets */,
				4CAAFA3D2B9C7A64002A956C /* level1.txt */,
				4CAAFA3E2B9C7A64002A956C /* level2.txt */,
				4CAAFA3C2B9C7A64002A956C /* level3.txt */,
				4CAAFA142B9483CC002A956C /* LaunchScreen.storyboard */,
			);
			path = Project26;
			sourceTree = "<group>";
		};
/* End PBXGroup section */

/* Begin PBXNativeTarget section */
		4CAAFA012B9483CB002A956C /* Project26 */ = {
			isa = PBXNativeTarget;
			buildConfigurationList = 4CAAFA192B9483CC002A956C /* Build configuration list for PBXNativeTarget "Project26" */;
			buildPhases = (
				4CAAF9FE2B9483CB002A956C /* Sources */,
				4CAAF9FF2B9483CB002A956C /* Frameworks */,
				4CAAFA002B9483CB002A956C /* Resources */,
			);
			buildRules = (
			);
			dependencies = (
			);
			name = Project26;
			productName = Project26;
			productReference = 4CAAFA022B9483CB002A956C /* Project26.app */;
			productType = "com.apple.product-type.application";
		};
/* End PBXNativeTarget section */

/* Begin PBXProject section */
		4CAAF9FA2B9483CB002A956C /* Project object */ = {
			isa = PBXProject;
			attributes = {
				BuildIndependentTargetsInParallel = 1;
				LastSwiftUpdateCheck = 1500;
				LastUpgradeCheck = 1500;
				TargetAttributes = {
					4CAAFA012B9483CB002A956C = {
						CreatedOnToolsVersion = 15.0.1;
					};
				};
			};
			buildConfigurationList = 4CAAF9FD2B9483CB002A956C /* Build configuration list for PBXProject "Project26" */;
			compatibilityVersion = "Xcode 14.0";
			developmentRegion = en;
			hasScannedForEncodings = 0;
			knownRegions = (
				en,
				Base,
			);
			mainGroup = 4CAAF9F92B9483CB002A956C;
			productRefGroup = 4CAAFA032B9483CB002A956C /* Products */;
			projectDirPath = "";
			projectRoot = "";
			targets = (
				4CAAFA012B9483CB002A956C /* Project26 */,
			);
		};
/* End PBXProject section */

/* Begin PBXResourcesBuildPhase section */
		4CAAFA002B9483CB002A956C /* Resources */ = {
			isa = PBXResourcesBuildPhase;
			buildActionMask = 2147483647;
			files = (
				4CAAFA272B9B7D79002A956C /* teleport.sks in Resources */,
				4CAAFA3F2B9C7A64002A956C /* level3.txt in Resources */,
				4CAAFA412B9C7A64002A956C /* level2.txt in Resources */,
				4CAAFA402B9C7A64002A956C /* level1.txt in Resources */,
				4CAAFA112B9483CB002A956C /* Main.storyboard in Resources */,
				4CAAFA082B9483CB002A956C /* GameScene.sks in Resources */,
				4CAAFA132B9483CC002A956C /* Assets.xcassets in Resources */,
				4CAAFA162B9483CC002A956C /* LaunchScreen.storyboard in Resources */,
			);
			runOnlyForDeploymentPostprocessing = 0;
		};
/* End PBXResourcesBuildPhase section */

/* Begin PBXSourcesBuildPhase section */
		4CAAF9FE2B9483CB002A956C /* Sources */ = {
			isa = PBXSourcesBuildPhase;
			buildActionMask = 2147483647;
			files = (
				4CAAFA0C2B9483CB002A956C /* GameScene.swift in Sources */,
				4CAAFA0E2B9483CB002A956C /* GameViewController.swift in Sources */,
				4CAAFA062B9483CB002A956C /* AppDelegate.swift in Sources */,
			);
			runOnlyForDeploymentPostprocessing = 0;
		};
/* End PBXSourcesBuildPhase section */

/* Begin PBXVariantGroup section */
		4CAAFA0F2B9483CB002A956C /* Main.storyboard */ = {
			isa = PBXVariantGroup;
			children = (
				4CAAFA102B9483CB002A956C /* Base */,
			);
			name = Main.storyboard;
			sourceTree = "<group>";
		};
		4CAAFA142B9483CC002A956C /* LaunchScreen.storyboard */ = {
			isa = PBXVariantGroup;
			children = (
				4CAAFA152B9483CC002A956C /* Base */,
			);
			name = LaunchScreen.storyboard;
			sourceTree = "<group>";
		};
/* End PBXVariantGroup section */

/* Begin XCBuildConfiguration section */
		4CAAFA172B9483CC002A956C /* Debug */ = {
			isa = XCBuildConfiguration;
			buildSettings = {
				ALWAYS_SEARCH_USER_PATHS = NO;
				ASSETCATALOG_COMPILER_GENERATE_SWIFT_ASSET_SYMBOL_EXTENSIONS = YES;
				CLANG_ANALYZER_NONNULL = YES;
				CLANG_ANALYZER_NUMBER_OBJECT_CONVERSION = YES_AGGRESSIVE;
				CLANG_CXX_LANGUAGE_STANDARD = "gnu++20";
				CLANG_ENABLE_MODULES = YES;
				CLANG_ENABLE_OBJC_ARC = YES;
				CLANG_ENABLE_OBJC_WEAK = YES;
				CLANG_WARN_BLOCK_CAPTURE_AUTORELEASING = YES;
				CLANG_WARN_BOOL_CONVERSION = YES;
				CLANG_WARN_COMMA = YES;
				CLANG_WARN_CONSTANT_CONVERSION = YES;
				CLANG_WARN_DEPRECATED_OBJC_IMPLEMENTATIONS = YES;
				CLANG_WARN_DIRECT_OBJC_ISA_USAGE = YES_ERROR;
				CLANG_WARN_DOCUMENTATION_COMMENTS = YES;
				CLANG_WARN_EMPTY_BODY = YES;
				CLANG_WARN_ENUM_CONVERSION = YES;
				CLANG_WARN_INFINITE_RECURSION = YES;
				CLANG_WARN_INT_CONVERSION = YES;
				CLANG_WARN_NON_LITERAL_NULL_CONVERSION = YES;
				CLANG_WARN_OBJC_IMPLICIT_RETAIN_SELF = YES;
				CLANG_WARN_OBJC_LITERAL_CONVERSION = YES;
				CLANG_WARN_OBJC_ROOT_CLASS = YES_ERROR;
				CLANG_WARN_QUOTED_INCLUDE_IN_FRAMEWORK_HEADER = YES;
				CLANG_WARN_RANGE_LOOP_ANALYSIS = YES;
				CLANG_WARN_STRICT_PROTOTYPES = YES;
				CLANG_WARN_SUSPICIOUS_MOVE = YES;
				CLANG_WARN_UNGUARDED_AVAILABILITY = YES_AGGRESSIVE;
				CLANG_WARN_UNREACHABLE_CODE = YES;
				CLANG_WARN__DUPLICATE_METHOD_MATCH = YES;
				COPY_PHASE_STRIP = NO;
				DEBUG_INFORMATION_FORMAT = dwarf;
				ENABLE_STRICT_OBJC_MSGSEND = YES;
				ENABLE_TESTABILITY = YES;
				ENABLE_USER_SCRIPT_SANDBOXING = YES;
				GCC_C_LANGUAGE_STANDARD = gnu17;
				GCC_DYNAMIC_NO_PIC = NO;
				GCC_NO_COMMON_BLOCKS = YES;
				GCC_OPTIMIZATION_LEVEL = 0;
				GCC_PREPROCESSOR_DEFINITIONS = (
					"DEBUG=1",
					"$(inherited)",
				);
				GCC_WARN_64_TO_32_BIT_CONVERSION = YES;
				GCC_WARN_ABOUT_RETURN_TYPE = YES_ERROR;
				GCC_WARN_UNDECLARED_SELECTOR = YES;
				GCC_WARN_UNINITIALIZED_AUTOS = YES_AGGRESSIVE;
				GCC_WARN_UNUSED_FUNCTION = YES;
				GCC_WARN_UNUSED_VARIABLE = YES;
				IPHONEOS_DEPLOYMENT_TARGET = 17.0;
				LOCALIZATION_PREFERS_STRING_CATALOGS = YES;
				MTL_ENABLE_DEBUG_INFO = INCLUDE_SOURCE;
				MTL_FAST_MATH = YES;
				ONLY_ACTIVE_ARCH = YES;
				SDKROOT = iphoneos;
				SWIFT_ACTIVE_COMPILATION_CONDITIONS = "DEBUG $(inherited)";
				SWIFT_OPTIMIZATION_LEVEL = "-Onone";
			};
			name = Debug;
		};
		4CAAFA182B9483CC002A956C /* Release */ = {
			isa = XCBuildConfiguration;
			buildSettings = {
				ALWAYS_SEARCH_USER_PATHS = NO;
				ASSETCATALOG_COMPILER_GENERATE_SWIFT_ASSET_SYMBOL_EXTENSIONS = YES;
				CLANG_ANALYZER_NONNULL = YES;
				CLANG_ANALYZER_NUMBER_OBJECT_CONVERSION = YES_AGGRESSIVE;
				CLANG_CXX_LANGUAGE_STANDARD = "gnu++20";
				CLANG_ENABLE_MODULES = YES;
				CLANG_ENABLE_OBJC_ARC = YES;
				CLANG_ENABLE_OBJC_WEAK = YES;
				CLANG_WARN_BLOCK_CAPTURE_AUTORELEASING = YES;
				CLANG_WARN_BOOL_CONVERSION = YES;
				CLANG_WARN_COMMA = YES;
				CLANG_WARN_CONSTANT_CONVERSION = YES;
				CLANG_WARN_DEPRECATED_OBJC_IMPLEMENTATIONS = YES;
				CLANG_WARN_DIRECT_OBJC_ISA_USAGE = YES_ERROR;
				CLANG_WARN_DOCUMENTATION_COMMENTS = YES;
				CLANG_WARN_EMPTY_BODY = YES;
				CLANG_WARN_ENUM_CONVERSION = YES;
				CLANG_WARN_INFINITE_RECURSION = YES;
				CLANG_WARN_INT_CONVERSION = YES;
				CLANG_WARN_NON_LITERAL_NULL_CONVERSION = YES;
				CLANG_WARN_OBJC_IMPLICIT_RETAIN_SELF = YES;
				CLANG_WARN_OBJC_LITERAL_CONVERSION = YES;
				CLANG_WARN_OBJC_ROOT_CLASS = YES_ERROR;
				CLANG_WARN_QUOTED_INCLUDE_IN_FRAMEWORK_HEADER = YES;
				CLANG_WARN_RANGE_LOOP_ANALYSIS = YES;
				CLANG_WARN_STRICT_PROTOTYPES = YES;
				CLANG_WARN_SUSPICIOUS_MOVE = YES;
				CLANG_WARN_UNGUARDED_AVAILABILITY = YES_AGGRESSIVE;
				CLANG_WARN_UNREACHABLE_CODE = YES;
				CLANG_WARN__DUPLICATE_METHOD_MATCH = YES;
				COPY_PHASE_STRIP = NO;
				DEBUG_INFORMATION_FORMAT = "dwarf-with-dsym";
				ENABLE_NS_ASSERTIONS = NO;
				ENABLE_STRICT_OBJC_MSGSEND = YES;
				ENABLE_USER_SCRIPT_SANDBOXING = YES;
				GCC_C_LANGUAGE_STANDARD = gnu17;
				GCC_NO_COMMON_BLOCKS = YES;
				GCC_WARN_64_TO_32_BIT_CONVERSION = YES;
				GCC_WARN_ABOUT_RETURN_TYPE = YES_ERROR;
				GCC_WARN_UNDECLARED_SELECTOR = YES;
				GCC_WARN_UNINITIALIZED_AUTOS = YES_AGGRESSIVE;
				GCC_WARN_UNUSED_FUNCTION = YES;
				GCC_WARN_UNUSED_VARIABLE = YES;
				IPHONEOS_DEPLOYMENT_TARGET = 17.0;
				LOCALIZATION_PREFERS_STRING_CATALOGS = YES;
				MTL_ENABLE_DEBUG_INFO = NO;
				MTL_FAST_MATH = YES;
				SDKROOT = iphoneos;
				SWIFT_COMPILATION_MODE = wholemodule;
				VALIDATE_PRODUCT = YES;
			};
			name = Release;
		};
		4CAAFA1A2B9483CC002A956C /* Debug */ = {
			isa = XCBuildConfiguration;
			buildSettings = {
				ASSETCATALOG_COMPILER_APPICON_NAME = AppIcon;
				ASSETCATALOG_COMPILER_GLOBAL_ACCENT_COLOR_NAME = AccentColor;
				CODE_SIGN_STYLE = Automatic;
				CURRENT_PROJECT_VERSION = 1;
				DEVELOPMENT_TEAM = 5F5V2XRZ66;
				GENERATE_INFOPLIST_FILE = YES;
				INFOPLIST_KEY_UIApplicationSupportsIndirectInputEvents = YES;
				INFOPLIST_KEY_UILaunchStoryboardName = LaunchScreen;
				INFOPLIST_KEY_UIMainStoryboardFile = Main;
				INFOPLIST_KEY_UIStatusBarHidden = YES;
				INFOPLIST_KEY_UISupportedInterfaceOrientations_iPad = UIInterfaceOrientationLandscapeRight;
				LD_RUNPATH_SEARCH_PATHS = (
					"$(inherited)",
					"@executable_path/Frameworks",
				);
				MARKETING_VERSION = 1.0;
				PRODUCT_BUNDLE_IDENTIFIER = myself.Project26;
				PRODUCT_NAME = "$(TARGET_NAME)";
				SWIFT_EMIT_LOC_STRINGS = YES;
				SWIFT_VERSION = 5.0;
				TARGETED_DEVICE_FAMILY = "1,2";
			};
			name = Debug;
		};
		4CAAFA1B2B9483CC002A956C /* Release */ = {
			isa = XCBuildConfiguration;
			buildSettings = {
				ASSETCATALOG_COMPILER_APPICON_NAME = AppIcon;
				ASSETCATALOG_COMPILER_GLOBAL_ACCENT_COLOR_NAME = AccentColor;
				CODE_SIGN_STYLE = Automatic;
				CURRENT_PROJECT_VERSION = 1;
				DEVELOPMENT_TEAM = 5F5V2XRZ66;
				GENERATE_INFOPLIST_FILE = YES;
				INFOPLIST_KEY_UIApplicationSupportsIndirectInputEvents = YES;
				INFOPLIST_KEY_UILaunchStoryboardName = LaunchScreen;
				INFOPLIST_KEY_UIMainStoryboardFile = Main;
				INFOPLIST_KEY_UIStatusBarHidden = YES;
				INFOPLIST_KEY_UISupportedInterfaceOrientations_iPad = UIInterfaceOrientationLandscapeRight;
				LD_RUNPATH_SEARCH_PATHS = (
					"$(inherited)",
					"@executable_path/Frameworks",
				);
				MARKETING_VERSION = 1.0;
				PRODUCT_BUNDLE_IDENTIFIER = myself.Project26;
				PRODUCT_NAME = "$(TARGET_NAME)";
				SWIFT_EMIT_LOC_STRINGS = YES;
				SWIFT_VERSION = 5.0;
				TARGETED_DEVICE_FAMILY = "1,2";
			};
			name = Release;
		};
/* End XCBuildConfiguration section */

/* Begin XCConfigurationList section */
		4CAAF9FD2B9483CB002A956C /* Build configuration list for PBXProject "Project26" */ = {
			isa = XCConfigurationList;
			buildConfigurations = (
				4CAAFA172B9483CC002A956C /* Debug */,
				4CAAFA182B9483CC002A956C /* Release */,
			);
			defaultConfigurationIsVisible = 0;
			defaultConfigurationName = Release;
		};
		4CAAFA192B9483CC002A956C /* Build configuration list for PBXNativeTarget "Project26" */ = {
			isa = XCConfigurationList;
			buildConfigurations = (
				4CAAFA1A2B9483CC002A956C /* Debug */,
				4CAAFA1B2B9483CC002A956C /* Release */,
			);
			defaultConfigurationIsVisible = 0;
			defaultConfigurationName = Release;
		};
/* End XCConfigurationList section */
	};
	rootObject = 4CAAF9FA2B9483CB002A956C /* Project object */;
}
