// !$*UTF8*$!
{
	archiveVersion = 1;
	classes = {
	};
	objectVersion = 56;
	objects = {

/* Begin PBXBuildFile section */
		4C26FA1D2B5DD3A700883C3E /* AppDelegate.swift in Sources */ = {isa = PBXBuildFile; fileRef = 4C26FA1C2B5DD3A700883C3E /* AppDelegate.swift */; };
		4C26FA1F2B5DD3A700883C3E /* SceneDelegate.swift in Sources */ = {isa = PBXBuildFile; fileRef = 4C26FA1E2B5DD3A700883C3E /* SceneDelegate.swift */; };
		4C26FA212B5DD3A700883C3E /* ViewController.swift in Sources */ = {isa = PBXBuildFile; fileRef = 4C26FA202B5DD3A700883C3E /* ViewController.swift */; };
		4C26FA242B5DD3A700883C3E /* Main.storyboard in Resources */ = {isa = PBXBuildFile; fileRef = 4C26FA222B5DD3A700883C3E /* Main.storyboard */; };
		4C26FA262B5DD3A800883C3E /* Assets.xcassets in Resources */ = {isa = PBXBuildFile; fileRef = 4C26FA252B5DD3A800883C3E /* Assets.xcassets */; };
		4C26FA292B5DD3A800883C3E /* LaunchScreen.storyboard in Resources */ = {isa = PBXBuildFile; fileRef = 4C26FA272B5DD3A800883C3E /* LaunchScreen.storyboard */; };
		4C26FA372B5DD4FB00883C3E /* UniformTypeIdentifiers.framework in Frameworks */ = {isa = PBXBuildFile; fileRef = 4C26FA362B5DD4FB00883C3E /* UniformTypeIdentifiers.framework */; };
		4C26FA3A2B5DD4FB00883C3E /* Media.xcassets in Resources */ = {isa = PBXBuildFile; fileRef = 4C26FA392B5DD4FB00883C3E /* Media.xcassets */; };
		4C26FA3C2B5DD4FB00883C3E /* ActionViewController.swift in Sources */ = {isa = PBXBuildFile; fileRef = 4C26FA3B2B5DD4FB00883C3E /* ActionViewController.swift */; };
		4C26FA3F2B5DD4FB00883C3E /* MainInterface.storyboard in Resources */ = {isa = PBXBuildFile; fileRef = 4C26FA3D2B5DD4FB00883C3E /* MainInterface.storyboard */; };
		4C26FA432B5DD4FB00883C3E /* Extension.appex in Embed Foundation Extensions */ = {isa = PBXBuildFile; fileRef = 4C26FA342B5DD4FB00883C3E /* Extension.appex */; settings = {ATTRIBUTES = (RemoveHeadersOnCopy, ); }; };
		4C26FA492B5EF19600883C3E /* Action.js in Resources */ = {isa = PBXBuildFile; fileRef = 4C26FA482B5EF19600883C3E /* Action.js */; };
/* End PBXBuildFile section */

/* Begin PBXContainerItemProxy section */
		4C26FA412B5DD4FB00883C3E /* PBXContainerItemProxy */ = {
			isa = PBXContainerItemProxy;
			containerPortal = 4C26FA112B5DD3A700883C3E /* Project object */;
			proxyType = 1;
			remoteGlobalIDString = 4C26FA332B5DD4FB00883C3E;
			remoteInfo = Extension;
		};
/* End PBXContainerItemProxy section */

/* Begin PBXCopyFilesBuildPhase section */
		4C26FA472B5DD4FB00883C3E /* Embed Foundation Extensions */ = {
			isa = PBXCopyFilesBuildPhase;
			buildActionMask = 2147483647;
			dstPath = "";
			dstSubfolderSpec = 13;
			files = (
				4C26FA432B5DD4FB00883C3E /* Extension.appex in Embed Foundation Extensions */,
			);
			name = "Embed Foundation Extensions";
			runOnlyForDeploymentPostprocessing = 0;
		};
/* End PBXCopyFilesBuildPhase section */

/* Begin PBXFileReference section */
		4C26FA192B5DD3A700883C3E /* Project19.app */ = {isa = PBXFileReference; explicitFileType = wrapper.application; includeInIndex = 0; path = Project19.app; sourceTree = BUILT_PRODUCTS_DIR; };
		4C26FA1C2B5DD3A700883C3E /* AppDelegate.swift */ = {isa = PBXFileReference; lastKnownFileType = sourcecode.swift; path = AppDelegate.swift; sourceTree = "<group>"; };
		4C26FA1E2B5DD3A700883C3E /* SceneDelegate.swift */ = {isa = PBXFileReference; lastKnownFileType = sourcecode.swift; path = SceneDelegate.swift; sourceTree = "<group>"; };
		4C26FA202B5DD3A700883C3E /* ViewController.swift */ = {isa = PBXFileReference; lastKnownFileType = sourcecode.swift; path = ViewController.swift; sourceTree = "<group>"; };
		4C26FA232B5DD3A700883C3E /* Base */ = {isa = PBXFileReference; lastKnownFileType = file.storyboard; name = Base; path = Base.lproj/Main.storyboard; sourceTree = "<group>"; };
		4C26FA252B5DD3A800883C3E /* Assets.xcassets */ = {isa = PBXFileReference; lastKnownFileType = folder.assetcatalog; path = Assets.xcassets; sourceTree = "<group>"; };
		4C26FA282B5DD3A800883C3E /* Base */ = {isa = PBXFileReference; lastKnownFileType = file.storyboard; name = Base; path = Base.lproj/LaunchScreen.storyboard; sourceTree = "<group>"; };
		4C26FA2A2B5DD3A800883C3E /* Info.plist */ = {isa = PBXFileReference; lastKnownFileType = text.plist.xml; path = Info.plist; sourceTree = "<group>"; };
		4C26FA342B5DD4FB00883C3E /* Extension.appex */ = {isa = PBXFileReference; explicitFileType = "wrapper.app-extension"; includeInIndex = 0; path = Extension.appex; sourceTree = BUILT_PRODUCTS_DIR; };
		4C26FA362B5DD4FB00883C3E /* UniformTypeIdentifiers.framework */ = {isa = PBXFileReference; lastKnownFileType = wrapper.framework; name = UniformTypeIdentifiers.framework; path = System/Library/Frameworks/UniformTypeIdentifiers.framework; sourceTree = SDKROOT; };
		4C26FA392B5DD4FB00883C3E /* Media.xcassets */ = {isa = PBXFileReference; lastKnownFileType = folder.assetcatalog; path = Media.xcassets; sourceTree = "<group>"; };
		4C26FA3B2B5DD4FB00883C3E /* ActionViewController.swift */ = {isa = PBXFileReference; lastKnownFileType = sourcecode.swift; path = ActionViewController.swift; sourceTree = "<group>"; };
		4C26FA3E2B5DD4FB00883C3E /* Base */ = {isa = PBXFileReference; lastKnownFileType = file.storyboard; name = Base; path = Base.lproj/MainInterface.storyboard; sourceTree = "<group>"; };
		4C26FA402B5DD4FB00883C3E /* Info.plist */ = {isa = PBXFileReference; lastKnownFileType = text.plist.xml; path = Info.plist; sourceTree = "<group>"; };
		4C26FA482B5EF19600883C3E /* Action.js */ = {isa = PBXFileReference; lastKnownFileType = sourcecode.javascript; path = Action.js; sourceTree = "<group>"; };
/* End PBXFileReference section */

/* Begin PBXFrameworksBuildPhase section */
		4C26FA162B5DD3A700883C3E /* Frameworks */ = {
			isa = PBXFrameworksBuildPhase;
			buildActionMask = 2147483647;
			files = (
			);
			runOnlyForDeploymentPostprocessing = 0;
		};
		4C26FA312B5DD4FB00883C3E /* Frameworks */ = {
			isa = PBXFrameworksBuildPhase;
			buildActionMask = 2147483647;
			files = (
				4C26FA372B5DD4FB00883C3E /* UniformTypeIdentifiers.framework in Frameworks */,
			);
			runOnlyForDeploymentPostprocessing = 0;
		};
/* End PBXFrameworksBuildPhase section */

/* Begin PBXGroup section */
		4C26FA102B5DD3A700883C3E = {
			isa = PBXGroup;
			children = (
				4C26FA1B2B5DD3A700883C3E /* Project19 */,
				4C26FA382B5DD4FB00883C3E /* Extension */,
				4C26FA352B5DD4FB00883C3E /* Frameworks */,
				4C26FA1A2B5DD3A700883C3E /* Products */,
			);
			sourceTree = "<group>";
		};
		4C26FA1A2B5DD3A700883C3E /* Products */ = {
			isa = PBXGroup;
			children = (
				4C26FA192B5DD3A700883C3E /* Project19.app */,
				4C26FA342B5DD4FB00883C3E /* Extension.appex */,
			);
			name = Products;
			sourceTree = "<group>";
		};
		4C26FA1B2B5DD3A700883C3E /* Project19 */ = {
			isa = PBXGroup;
			children = (
				4C26FA1C2B5DD3A700883C3E /* AppDelegate.swift */,
				4C26FA1E2B5DD3A700883C3E /* SceneDelegate.swift */,
				4C26FA202B5DD3A700883C3E /* ViewController.swift */,
				4C26FA222B5DD3A700883C3E /* Main.storyboard */,
				4C26FA252B5DD3A800883C3E /* Assets.xcassets */,
				4C26FA272B5DD3A800883C3E /* LaunchScreen.storyboard */,
				4C26FA2A2B5DD3A800883C3E /* Info.plist */,
			);
			path = Project19;
			sourceTree = "<group>";
		};
		4C26FA352B5DD4FB00883C3E /* Frameworks */ = {
			isa = PBXGroup;
			children = (
				4C26FA362B5DD4FB00883C3E /* UniformTypeIdentifiers.framework */,
			);
			name = Frameworks;
			sourceTree = "<group>";
		};
		4C26FA382B5DD4FB00883C3E /* Extension */ = {
			isa = PBXGroup;
			children = (
				4C26FA392B5DD4FB00883C3E /* Media.xcassets */,
				4C26FA3B2B5DD4FB00883C3E /* ActionViewController.swift */,
				4C26FA3D2B5DD4FB00883C3E /* MainInterface.storyboard */,
				4C26FA402B5DD4FB00883C3E /* Info.plist */,
				4C26FA482B5EF19600883C3E /* Action.js */,
			);
			path = Extension;
			sourceTree = "<group>";
		};
/* End PBXGroup section */

/* Begin PBXNativeTarget section */
		4C26FA182B5DD3A700883C3E /* Project19 */ = {
			isa = PBXNativeTarget;
			buildConfigurationList = 4C26FA2D2B5DD3A800883C3E /* Build configuration list for PBXNativeTarget "Project19" */;
			buildPhases = (
				4C26FA152B5DD3A700883C3E /* Sources */,
				4C26FA162B5DD3A700883C3E /* Frameworks */,
				4C26FA172B5DD3A700883C3E /* Resources */,
				4C26FA472B5DD4FB00883C3E /* Embed Foundation Extensions */,
			);
			buildRules = (
			);
			dependencies = (
				4C26FA422B5DD4FB00883C3E /* PBXTargetDependency */,
			);
			name = Project19;
			productName = Project19;
			productReference = 4C26FA192B5DD3A700883C3E /* Project19.app */;
			productType = "com.apple.product-type.application";
		};
		4C26FA332B5DD4FB00883C3E /* Extension */ = {
			isa = PBXNativeTarget;
			buildConfigurationList = 4C26FA442B5DD4FB00883C3E /* Build configuration list for PBXNativeTarget "Extension" */;
			buildPhases = (
				4C26FA302B5DD4FB00883C3E /* Sources */,
				4C26FA312B5DD4FB00883C3E /* Frameworks */,
				4C26FA322B5DD4FB00883C3E /* Resources */,
			);
			buildRules = (
			);
			dependencies = (
			);
			name = Extension;
			productName = Extension;
			productReference = 4C26FA342B5DD4FB00883C3E /* Extension.appex */;
			productType = "com.apple.product-type.app-extension";
		};
/* End PBXNativeTarget section */

/* Begin PBXProject section */
		4C26FA112B5DD3A700883C3E /* Project object */ = {
			isa = PBXProject;
			attributes = {
				BuildIndependentTargetsInParallel = 1;
				LastSwiftUpdateCheck = 1500;
				LastUpgradeCheck = 1500;
				TargetAttributes = {
					4C26FA182B5DD3A700883C3E = {
						CreatedOnToolsVersion = 15.0.1;
					};
					4C26FA332B5DD4FB00883C3E = {
						CreatedOnToolsVersion = 15.0.1;
					};
				};
			};
			buildConfigurationList = 4C26FA142B5DD3A700883C3E /* Build configuration list for PBXProject "Project19" */;
			compatibilityVersion = "Xcode 14.0";
			developmentRegion = en;
			hasScannedForEncodings = 0;
			knownRegions = (
				en,
				Base,
			);
			mainGroup = 4C26FA102B5DD3A700883C3E;
			productRefGroup = 4C26FA1A2B5DD3A700883C3E /* Products */;
			projectDirPath = "";
			projectRoot = "";
			targets = (
				4C26FA182B5DD3A700883C3E /* Project19 */,
				4C26FA332B5DD4FB00883C3E /* Extension */,
			);
		};
/* End PBXProject section */

/* Begin PBXResourcesBuildPhase section */
		4C26FA172B5DD3A700883C3E /* Resources */ = {
			isa = PBXResourcesBuildPhase;
			buildActionMask = 2147483647;
			files = (
				4C26FA292B5DD3A800883C3E /* LaunchScreen.storyboard in Resources */,
				4C26FA262B5DD3A800883C3E /* Assets.xcassets in Resources */,
				4C26FA242B5DD3A700883C3E /* Main.storyboard in Resources */,
			);
			runOnlyForDeploymentPostprocessing = 0;
		};
		4C26FA322B5DD4FB00883C3E /* Resources */ = {
			isa = PBXResourcesBuildPhase;
			buildActionMask = 2147483647;
			files = (
				4C26FA492B5EF19600883C3E /* Action.js in Resources */,
				4C26FA3A2B5DD4FB00883C3E /* Media.xcassets in Resources */,
				4C26FA3F2B5DD4FB00883C3E /* MainInterface.storyboard in Resources */,
			);
			runOnlyForDeploymentPostprocessing = 0;
		};
/* End PBXResourcesBuildPhase section */

/* Begin PBXSourcesBuildPhase section */
		4C26FA152B5DD3A700883C3E /* Sources */ = {
			isa = PBXSourcesBuildPhase;
			buildActionMask = 2147483647;
			files = (
				4C26FA212B5DD3A700883C3E /* ViewController.swift in Sources */,
				4C26FA1D2B5DD3A700883C3E /* AppDelegate.swift in Sources */,
				4C26FA1F2B5DD3A700883C3E /* SceneDelegate.swift in Sources */,
			);
			runOnlyForDeploymentPostprocessing = 0;
		};
		4C26FA302B5DD4FB00883C3E /* Sources */ = {
			isa = PBXSourcesBuildPhase;
			buildActionMask = 2147483647;
			files = (
				4C26FA3C2B5DD4FB00883C3E /* ActionViewController.swift in Sources */,
			);
			runOnlyForDeploymentPostprocessing = 0;
		};
/* End PBXSourcesBuildPhase section */

/* Begin PBXTargetDependency section */
		4C26FA422B5DD4FB00883C3E /* PBXTargetDependency */ = {
			isa = PBXTargetDependency;
			target = 4C26FA332B5DD4FB00883C3E /* Extension */;
			targetProxy = 4C26FA412B5DD4FB00883C3E /* PBXContainerItemProxy */;
		};
/* End PBXTargetDependency section */

/* Begin PBXVariantGroup section */
		4C26FA222B5DD3A700883C3E /* Main.storyboard */ = {
			isa = PBXVariantGroup;
			children = (
				4C26FA232B5DD3A700883C3E /* Base */,
			);
			name = Main.storyboard;
			sourceTree = "<group>";
		};
		4C26FA272B5DD3A800883C3E /* LaunchScreen.storyboard */ = {
			isa = PBXVariantGroup;
			children = (
				4C26FA282B5DD3A800883C3E /* Base */,
			);
			name = LaunchScreen.storyboard;
			sourceTree = "<group>";
		};
		4C26FA3D2B5DD4FB00883C3E /* MainInterface.storyboard */ = {
			isa = PBXVariantGroup;
			children = (
				4C26FA3E2B5DD4FB00883C3E /* Base */,
			);
			name = MainInterface.storyboard;
			sourceTree = "<group>";
		};
/* End PBXVariantGroup section */

/* Begin XCBuildConfiguration section */
		4C26FA2B2B5DD3A800883C3E /* Debug */ = {
			isa = XCBuildConfiguration;
			buildSettings = {
				ALWAYS_SEARCH_USER_PATHS = NO;
				ASSETCATALOG_COMPILER_GENERATE_SWIFT_ASSET_SYMBOL_EXTENSIONS = YES;
				CLANG_ANALYZER_NONNULL = YES;
				CLANG_ANALYZER_NUMBER_OBJECT_CONVERSION = YES_AGGRESSIVE;
				CLANG_CXX_LANGUAGE_STANDARD = "gnu++20";
				CLANG_ENABLE_MODULES = YES;
				CLANG_ENABLE_OBJC_ARC = YES;
				CLANG_ENABLE_OBJC_WEAK = YES;
				CLANG_WARN_BLOCK_CAPTURE_AUTORELEASING = YES;
				CLANG_WARN_BOOL_CONVERSION = YES;
				CLANG_WARN_COMMA = YES;
				CLANG_WARN_CONSTANT_CONVERSION = YES;
				CLANG_WARN_DEPRECATED_OBJC_IMPLEMENTATIONS = YES;
				CLANG_WARN_DIRECT_OBJC_ISA_USAGE = YES_ERROR;
				CLANG_WARN_DOCUMENTATION_COMMENTS = YES;
				CLANG_WARN_EMPTY_BODY = YES;
				CLANG_WARN_ENUM_CONVERSION = YES;
				CLANG_WARN_INFINITE_RECURSION = YES;
				CLANG_WARN_INT_CONVERSION = YES;
				CLANG_WARN_NON_LITERAL_NULL_CONVERSION = YES;
				CLANG_WARN_OBJC_IMPLICIT_RETAIN_SELF = YES;
				CLANG_WARN_OBJC_LITERAL_CONVERSION = YES;
				CLANG_WARN_OBJC_ROOT_CLASS = YES_ERROR;
				CLANG_WARN_QUOTED_INCLUDE_IN_FRAMEWORK_HEADER = YES;
				CLANG_WARN_RANGE_LOOP_ANALYSIS = YES;
				CLANG_WARN_STRICT_PROTOTYPES = YES;
				CLANG_WARN_SUSPICIOUS_MOVE = YES;
				CLANG_WARN_UNGUARDED_AVAILABILITY = YES_AGGRESSIVE;
				CLANG_WARN_UNREACHABLE_CODE = YES;
				CLANG_WARN__DUPLICATE_METHOD_MATCH = YES;
				COPY_PHASE_STRIP = NO;
				DEBUG_INFORMATION_FORMAT = dwarf;
				ENABLE_STRICT_OBJC_MSGSEND = YES;
				ENABLE_TESTABILITY = YES;
				ENABLE_USER_SCRIPT_SANDBOXING = YES;
				GCC_C_LANGUAGE_STANDARD = gnu17;
				GCC_DYNAMIC_NO_PIC = NO;
				GCC_NO_COMMON_BLOCKS = YES;
				GCC_OPTIMIZATION_LEVEL = 0;
				GCC_PREPROCESSOR_DEFINITIONS = (
					"DEBUG=1",
					"$(inherited)",
				);
				GCC_WARN_64_TO_32_BIT_CONVERSION = YES;
				GCC_WARN_ABOUT_RETURN_TYPE = YES_ERROR;
				GCC_WARN_UNDECLARED_SELECTOR = YES;
				GCC_WARN_UNINITIALIZED_AUTOS = YES_AGGRESSIVE;
				GCC_WARN_UNUSED_FUNCTION = YES;
				GCC_WARN_UNUSED_VARIABLE = YES;
				IPHONEOS_DEPLOYMENT_TARGET = 17.0;
				LOCALIZATION_PREFERS_STRING_CATALOGS = YES;
				MTL_ENABLE_DEBUG_INFO = INCLUDE_SOURCE;
				MTL_FAST_MATH = YES;
				ONLY_ACTIVE_ARCH = YES;
				SDKROOT = iphoneos;
				SWIFT_ACTIVE_COMPILATION_CONDITIONS = "DEBUG $(inherited)";
				SWIFT_OPTIMIZATION_LEVEL = "-Onone";
			};
			name = Debug;
		};
		4C26FA2C2B5DD3A800883C3E /* Release */ = {
			isa = XCBuildConfiguration;
			buildSettings = {
				ALWAYS_SEARCH_USER_PATHS = NO;
				ASSETCATALOG_COMPILER_GENERATE_SWIFT_ASSET_SYMBOL_EXTENSIONS = YES;
				CLANG_ANALYZER_NONNULL = YES;
				CLANG_ANALYZER_NUMBER_OBJECT_CONVERSION = YES_AGGRESSIVE;
				CLANG_CXX_LANGUAGE_STANDARD = "gnu++20";
				CLANG_ENABLE_MODULES = YES;
				CLANG_ENABLE_OBJC_ARC = YES;
				CLANG_ENABLE_OBJC_WEAK = YES;
				CLANG_WARN_BLOCK_CAPTURE_AUTORELEASING = YES;
				CLANG_WARN_BOOL_CONVERSION = YES;
				CLANG_WARN_COMMA = YES;
				CLANG_WARN_CONSTANT_CONVERSION = YES;
				CLANG_WARN_DEPRECATED_OBJC_IMPLEMENTATIONS = YES;
				CLANG_WARN_DIRECT_OBJC_ISA_USAGE = YES_ERROR;
				CLANG_WARN_DOCUMENTATION_COMMENTS = YES;
				CLANG_WARN_EMPTY_BODY = YES;
				CLANG_WARN_ENUM_CONVERSION = YES;
				CLANG_WARN_INFINITE_RECURSION = YES;
				CLANG_WARN_INT_CONVERSION = YES;
				CLANG_WARN_NON_LITERAL_NULL_CONVERSION = YES;
				CLANG_WARN_OBJC_IMPLICIT_RETAIN_SELF = YES;
				CLANG_WARN_OBJC_LITERAL_CONVERSION = YES;
				CLANG_WARN_OBJC_ROOT_CLASS = YES_ERROR;
				CLANG_WARN_QUOTED_INCLUDE_IN_FRAMEWORK_HEADER = YES;
				CLANG_WARN_RANGE_LOOP_ANALYSIS = YES;
				CLANG_WARN_STRICT_PROTOTYPES = YES;
				CLANG_WARN_SUSPICIOUS_MOVE = YES;
				CLANG_WARN_UNGUARDED_AVAILABILITY = YES_AGGRESSIVE;
				CLANG_WARN_UNREACHABLE_CODE = YES;
				CLANG_WARN__DUPLICATE_METHOD_MATCH = YES;
				COPY_PHASE_STRIP = NO;
				DEBUG_INFORMATION_FORMAT = "dwarf-with-dsym";
				ENABLE_NS_ASSERTIONS = NO;
				ENABLE_STRICT_OBJC_MSGSEND = YES;
				ENABLE_USER_SCRIPT_SANDBOXING = YES;
				GCC_C_LANGUAGE_STANDARD = gnu17;
				GCC_NO_COMMON_BLOCKS = YES;
				GCC_WARN_64_TO_32_BIT_CONVERSION = YES;
				GCC_WARN_ABOUT_RETURN_TYPE = YES_ERROR;
				GCC_WARN_UNDECLARED_SELECTOR = YES;
				GCC_WARN_UNINITIALIZED_AUTOS = YES_AGGRESSIVE;
				GCC_WARN_UNUSED_FUNCTION = YES;
				GCC_WARN_UNUSED_VARIABLE = YES;
				IPHONEOS_DEPLOYMENT_TARGET = 17.0;
				LOCALIZATION_PREFERS_STRING_CATALOGS = YES;
				MTL_ENABLE_DEBUG_INFO = NO;
				MTL_FAST_MATH = YES;
				SDKROOT = iphoneos;
				SWIFT_COMPILATION_MODE = wholemodule;
				VALIDATE_PRODUCT = YES;
			};
			name = Release;
		};
		4C26FA2E2B5DD3A800883C3E /* Debug */ = {
			isa = XCBuildConfiguration;
			buildSettings = {
				ALWAYS_EMBED_SWIFT_STANDARD_LIBRARIES = YES;
				ASSETCATALOG_COMPILER_APPICON_NAME = AppIcon;
				ASSETCATALOG_COMPILER_GLOBAL_ACCENT_COLOR_NAME = AccentColor;
				CODE_SIGN_STYLE = Automatic;
				CURRENT_PROJECT_VERSION = 1;
				DEVELOPMENT_TEAM = 5F5V2XRZ66;
				GENERATE_INFOPLIST_FILE = YES;
				INFOPLIST_FILE = Project19/Info.plist;
				INFOPLIST_KEY_UIApplicationSupportsIndirectInputEvents = YES;
				INFOPLIST_KEY_UILaunchStoryboardName = LaunchScreen;
				INFOPLIST_KEY_UIMainStoryboardFile = Main;
				INFOPLIST_KEY_UISupportedInterfaceOrientations_iPad = "UIInterfaceOrientationPortrait UIInterfaceOrientationPortraitUpsideDown UIInterfaceOrientationLandscapeLeft UIInterfaceOrientationLandscapeRight";
				INFOPLIST_KEY_UISupportedInterfaceOrientations_iPhone = "UIInterfaceOrientationPortrait UIInterfaceOrientationLandscapeLeft UIInterfaceOrientationLandscapeRight";
				LD_RUNPATH_SEARCH_PATHS = (
					"$(inherited)",
					"@executable_path/Frameworks",
				);
				MARKETING_VERSION = 1.0;
				PRODUCT_BUNDLE_IDENTIFIER = myself.Project19;
				PRODUCT_NAME = "$(TARGET_NAME)";
				SWIFT_EMIT_LOC_STRINGS = YES;
				SWIFT_VERSION = 5.0;
				TARGETED_DEVICE_FAMILY = "1,2";
			};
			name = Debug;
		};
		4C26FA2F2B5DD3A800883C3E /* Release */ = {
			isa = XCBuildConfiguration;
			buildSettings = {
				ALWAYS_EMBED_SWIFT_STANDARD_LIBRARIES = YES;
				ASSETCATALOG_COMPILER_APPICON_NAME = AppIcon;
				ASSETCATALOG_COMPILER_GLOBAL_ACCENT_COLOR_NAME = AccentColor;
				CODE_SIGN_STYLE = Automatic;
				CURRENT_PROJECT_VERSION = 1;
				DEVELOPMENT_TEAM = 5F5V2XRZ66;
				GENERATE_INFOPLIST_FILE = YES;
				INFOPLIST_FILE = Project19/Info.plist;
				INFOPLIST_KEY_UIApplicationSupportsIndirectInputEvents = YES;
				INFOPLIST_KEY_UILaunchStoryboardName = LaunchScreen;
				INFOPLIST_KEY_UIMainStoryboardFile = Main;
				INFOPLIST_KEY_UISupportedInterfaceOrientations_iPad = "UIInterfaceOrientationPortrait UIInterfaceOrientationPortraitUpsideDown UIInterfaceOrientationLandscapeLeft UIInterfaceOrientationLandscapeRight";
				INFOPLIST_KEY_UISupportedInterfaceOrientations_iPhone = "UIInterfaceOrientationPortrait UIInterfaceOrientationLandscapeLeft UIInterfaceOrientationLandscapeRight";
				LD_RUNPATH_SEARCH_PATHS = (
					"$(inherited)",
					"@executable_path/Frameworks",
				);
				MARKETING_VERSION = 1.0;
				PRODUCT_BUNDLE_IDENTIFIER = myself.Project19;
				PRODUCT_NAME = "$(TARGET_NAME)";
				SWIFT_EMIT_LOC_STRINGS = YES;
				SWIFT_VERSION = 5.0;
				TARGETED_DEVICE_FAMILY = "1,2";
			};
			name = Release;
		};
		4C26FA452B5DD4FB00883C3E /* Debug */ = {
			isa = XCBuildConfiguration;
			buildSettings = {
				CODE_SIGN_STYLE = Automatic;
				CURRENT_PROJECT_VERSION = 1;
				DEVELOPMENT_TEAM = 5F5V2XRZ66;
				GENERATE_INFOPLIST_FILE = YES;
				INFOPLIST_FILE = Extension/Info.plist;
				INFOPLIST_KEY_CFBundleDisplayName = Extension;
				INFOPLIST_KEY_NSHumanReadableCopyright = "";
				LD_RUNPATH_SEARCH_PATHS = (
					"$(inherited)",
					"@executable_path/Frameworks",
					"@executable_path/../../Frameworks",
				);
				MARKETING_VERSION = 1.0;
				PRODUCT_BUNDLE_IDENTIFIER = myself.Project19.Extension;
				PRODUCT_NAME = "$(TARGET_NAME)";
				SKIP_INSTALL = YES;
				SWIFT_EMIT_LOC_STRINGS = YES;
				SWIFT_VERSION = 5.0;
				TARGETED_DEVICE_FAMILY = "1,2";
			};
			name = Debug;
		};
		4C26FA462B5DD4FB00883C3E /* Release */ = {
			isa = XCBuildConfiguration;
			buildSettings = {
				CODE_SIGN_STYLE = Automatic;
				CURRENT_PROJECT_VERSION = 1;
				DEVELOPMENT_TEAM = 5F5V2XRZ66;
				GENERATE_INFOPLIST_FILE = YES;
				INFOPLIST_FILE = Extension/Info.plist;
				INFOPLIST_KEY_CFBundleDisplayName = Extension;
				INFOPLIST_KEY_NSHumanReadableCopyright = "";
				LD_RUNPATH_SEARCH_PATHS = (
					"$(inherited)",
					"@executable_path/Frameworks",
					"@executable_path/../../Frameworks",
				);
				MARKETING_VERSION = 1.0;
				PRODUCT_BUNDLE_IDENTIFIER = myself.Project19.Extension;
				PRODUCT_NAME = "$(TARGET_NAME)";
				SKIP_INSTALL = YES;
				SWIFT_EMIT_LOC_STRINGS = YES;
				SWIFT_VERSION = 5.0;
				TARGETED_DEVICE_FAMILY = "1,2";
			};
			name = Release;
		};
/* End XCBuildConfiguration section */

/* Begin XCConfigurationList section */
		4C26FA142B5DD3A700883C3E /* Build configuration list for PBXProject "Project19" */ = {
			isa = XCConfigurationList;
			buildConfigurations = (
				4C26FA2B2B5DD3A800883C3E /* Debug */,
				4C26FA2C2B5DD3A800883C3E /* Release */,
			);
			defaultConfigurationIsVisible = 0;
			defaultConfigurationName = Release;
		};
		4C26FA2D2B5DD3A800883C3E /* Build configuration list for PBXNativeTarget "Project19" */ = {
			isa = XCConfigurationList;
			buildConfigurations = (
				4C26FA2E2B5DD3A800883C3E /* Debug */,
				4C26FA2F2B5DD3A800883C3E /* Release */,
			);
			defaultConfigurationIsVisible = 0;
			defaultConfigurationName = Release;
		};
		4C26FA442B5DD4FB00883C3E /* Build configuration list for PBXNativeTarget "Extension" */ = {
			isa = XCConfigurationList;
			buildConfigurations = (
				4C26FA452B5DD4FB00883C3E /* Debug */,
				4C26FA462B5DD4FB00883C3E /* Release */,
			);
			defaultConfigurationIsVisible = 0;
			defaultConfigurationName = Release;
		};
/* End XCConfigurationList section */
	};
	rootObject = 4C26FA112B5DD3A700883C3E /* Project object */;
}
