// !$*UTF8*$!
{
	archiveVersion = 1;
	classes = {
	};
	objectVersion = 56;
	objects = {

/* Begin PBXBuildFile section */
		4C1104E22B23C10A009DF7DE /* Level2.txt in Resources */ = {isa = PBXBuildFile; fileRef = 4C1104DF2B23C10A009DF7DE /* Level2.txt */; };
		4C1104E32B23C10A009DF7DE /* Level1.txt in Resources */ = {isa = PBXBuildFile; fileRef = 4C1104E02B23C10A009DF7DE /* Level1.txt */; };
		4C1104E42B23C10A009DF7DE /* Level3.txt in Resources */ = {isa = PBXBuildFile; fileRef = 4C1104E12B23C10A009DF7DE /* Level3.txt */; };
		4CF20AC72B21178D00C9B8BB /* AppDelegate.swift in Sources */ = {isa = PBXBuildFile; fileRef = 4CF20AC62B21178D00C9B8BB /* AppDelegate.swift */; };
		4CF20AC92B21178D00C9B8BB /* SceneDelegate.swift in Sources */ = {isa = PBXBuildFile; fileRef = 4CF20AC82B21178D00C9B8BB /* SceneDelegate.swift */; };
		4CF20ACB2B21178D00C9B8BB /* ViewController.swift in Sources */ = {isa = PBXBuildFile; fileRef = 4CF20ACA2B21178D00C9B8BB /* ViewController.swift */; };
		4CF20ACE2B21178D00C9B8BB /* Main.storyboard in Resources */ = {isa = PBXBuildFile; fileRef = 4CF20ACC2B21178D00C9B8BB /* Main.storyboard */; };
		4CF20AD02B21179100C9B8BB /* Assets.xcassets in Resources */ = {isa = PBXBuildFile; fileRef = 4CF20ACF2B21179100C9B8BB /* Assets.xcassets */; };
		4CF20AD32B21179100C9B8BB /* LaunchScreen.storyboard in Resources */ = {isa = PBXBuildFile; fileRef = 4CF20AD12B21179100C9B8BB /* LaunchScreen.storyboard */; };
/* End PBXBuildFile section */

/* Begin PBXFileReference section */
		4C1104DF2B23C10A009DF7DE /* Level2.txt */ = {isa = PBXFileReference; fileEncoding = 4; lastKnownFileType = text; name = Level2.txt; path = ../../Level2.txt; sourceTree = "<group>"; };
		4C1104E02B23C10A009DF7DE /* Level1.txt */ = {isa = PBXFileReference; fileEncoding = 4; lastKnownFileType = text; name = Level1.txt; path = ../../Level1.txt; sourceTree = "<group>"; };
		4C1104E12B23C10A009DF7DE /* Level3.txt */ = {isa = PBXFileReference; fileEncoding = 4; lastKnownFileType = text; name = Level3.txt; path = ../../Level3.txt; sourceTree = "<group>"; };
		4CF20AC32B21178D00C9B8BB /* HangmanGame.app */ = {isa = PBXFileReference; explicitFileType = wrapper.application; includeInIndex = 0; path = HangmanGame.app; sourceTree = BUILT_PRODUCTS_DIR; };
		4CF20AC62B21178D00C9B8BB /* AppDelegate.swift */ = {isa = PBXFileReference; lastKnownFileType = sourcecode.swift; path = AppDelegate.swift; sourceTree = "<group>"; };
		4CF20AC82B21178D00C9B8BB /* SceneDelegate.swift */ = {isa = PBXFileReference; lastKnownFileType = sourcecode.swift; path = SceneDelegate.swift; sourceTree = "<group>"; };
		4CF20ACA2B21178D00C9B8BB /* ViewController.swift */ = {isa = PBXFileReference; lastKnownFileType = sourcecode.swift; path = ViewController.swift; sourceTree = "<group>"; };
		4CF20ACD2B21178D00C9B8BB /* Base */ = {isa = PBXFileReference; lastKnownFileType = file.storyboard; name = Base; path = Base.lproj/Main.storyboard; sourceTree = "<group>"; };
		4CF20ACF2B21179100C9B8BB /* Assets.xcassets */ = {isa = PBXFileReference; lastKnownFileType = folder.assetcatalog; path = Assets.xcassets; sourceTree = "<group>"; };
		4CF20AD22B21179100C9B8BB /* Base */ = {isa = PBXFileReference; lastKnownFileType = file.storyboard; name = Base; path = Base.lproj/LaunchScreen.storyboard; sourceTree = "<group>"; };
		4CF20AD42B21179100C9B8BB /* Info.plist */ = {isa = PBXFileReference; lastKnownFileType = text.plist.xml; path = Info.plist; sourceTree = "<group>"; };
/* End PBXFileReference section */

/* Begin PBXFrameworksBuildPhase section */
		4CF20AC02B21178D00C9B8BB /* Frameworks */ = {
			isa = PBXFrameworksBuildPhase;
			buildActionMask = 2147483647;
			files = (
			);
			runOnlyForDeploymentPostprocessing = 0;
		};
/* End PBXFrameworksBuildPhase section */

/* Begin PBXGroup section */
		4CF20ABA2B21178D00C9B8BB = {
			isa = PBXGroup;
			children = (
				4CF20AC52B21178D00C9B8BB /* HangmanGame */,
				4CF20AC42B21178D00C9B8BB /* Products */,
			);
			sourceTree = "<group>";
		};
		4CF20AC42B21178D00C9B8BB /* Products */ = {
			isa = PBXGroup;
			children = (
				4CF20AC32B21178D00C9B8BB /* HangmanGame.app */,
			);
			name = Products;
			sourceTree = "<group>";
		};
		4CF20AC52B21178D00C9B8BB /* HangmanGame */ = {
			isa = PBXGroup;
			children = (
				4CF20AC62B21178D00C9B8BB /* AppDelegate.swift */,
				4CF20AC82B21178D00C9B8BB /* SceneDelegate.swift */,
				4CF20ACA2B21178D00C9B8BB /* ViewController.swift */,
				4CF20ACC2B21178D00C9B8BB /* Main.storyboard */,
				4CF20ACF2B21179100C9B8BB /* Assets.xcassets */,
				4CF20AD12B21179100C9B8BB /* LaunchScreen.storyboard */,
				4C1104E02B23C10A009DF7DE /* Level1.txt */,
				4C1104DF2B23C10A009DF7DE /* Level2.txt */,
				4C1104E12B23C10A009DF7DE /* Level3.txt */,
				4CF20AD42B21179100C9B8BB /* Info.plist */,
			);
			path = HangmanGame;
			sourceTree = "<group>";
		};
/* End PBXGroup section */

/* Begin PBXNativeTarget section */
		4CF20AC22B21178D00C9B8BB /* HangmanGame */ = {
			isa = PBXNativeTarget;
			buildConfigurationList = 4CF20AD72B21179100C9B8BB /* Build configuration list for PBXNativeTarget "HangmanGame" */;
			buildPhases = (
				4CF20ABF2B21178D00C9B8BB /* Sources */,
				4CF20AC02B21178D00C9B8BB /* Frameworks */,
				4CF20AC12B21178D00C9B8BB /* Resources */,
			);
			buildRules = (
			);
			dependencies = (
			);
			name = HangmanGame;
			productName = HangmanGame;
			productReference = 4CF20AC32B21178D00C9B8BB /* HangmanGame.app */;
			productType = "com.apple.product-type.application";
		};
/* End PBXNativeTarget section */

/* Begin PBXProject section */
		4CF20ABB2B21178D00C9B8BB /* Project object */ = {
			isa = PBXProject;
			attributes = {
				BuildIndependentTargetsInParallel = 1;
				LastSwiftUpdateCheck = 1500;
				LastUpgradeCheck = 1500;
				TargetAttributes = {
					4CF20AC22B21178D00C9B8BB = {
						CreatedOnToolsVersion = 15.0.1;
					};
				};
			};
			buildConfigurationList = 4CF20ABE2B21178D00C9B8BB /* Build configuration list for PBXProject "HangmanGame" */;
			compatibilityVersion = "Xcode 14.0";
			developmentRegion = en;
			hasScannedForEncodings = 0;
			knownRegions = (
				en,
				Base,
			);
			mainGroup = 4CF20ABA2B21178D00C9B8BB;
			productRefGroup = 4CF20AC42B21178D00C9B8BB /* Products */;
			projectDirPath = "";
			projectRoot = "";
			targets = (
				4CF20AC22B21178D00C9B8BB /* HangmanGame */,
			);
		};
/* End PBXProject section */

/* Begin PBXResourcesBuildPhase section */
		4CF20AC12B21178D00C9B8BB /* Resources */ = {
			isa = PBXResourcesBuildPhase;
			buildActionMask = 2147483647;
			files = (
				4CF20AD32B21179100C9B8BB /* LaunchScreen.storyboard in Resources */,
				4CF20AD02B21179100C9B8BB /* Assets.xcassets in Resources */,
				4C1104E22B23C10A009DF7DE /* Level2.txt in Resources */,
				4CF20ACE2B21178D00C9B8BB /* Main.storyboard in Resources */,
				4C1104E32B23C10A009DF7DE /* Level1.txt in Resources */,
				4C1104E42B23C10A009DF7DE /* Level3.txt in Resources */,
			);
			runOnlyForDeploymentPostprocessing = 0;
		};
/* End PBXResourcesBuildPhase section */

/* Begin PBXSourcesBuildPhase section */
		4CF20ABF2B21178D00C9B8BB /* Sources */ = {
			isa = PBXSourcesBuildPhase;
			buildActionMask = 2147483647;
			files = (
				4CF20ACB2B21178D00C9B8BB /* ViewController.swift in Sources */,
				4CF20AC72B21178D00C9B8BB /* AppDelegate.swift in Sources */,
				4CF20AC92B21178D00C9B8BB /* SceneDelegate.swift in Sources */,
			);
			runOnlyForDeploymentPostprocessing = 0;
		};
/* End PBXSourcesBuildPhase section */

/* Begin PBXVariantGroup section */
		4CF20ACC2B21178D00C9B8BB /* Main.storyboard */ = {
			isa = PBXVariantGroup;
			children = (
				4CF20ACD2B21178D00C9B8BB /* Base */,
			);
			name = Main.storyboard;
			sourceTree = "<group>";
		};
		4CF20AD12B21179100C9B8BB /* LaunchScreen.storyboard */ = {
			isa = PBXVariantGroup;
			children = (
				4CF20AD22B21179100C9B8BB /* Base */,
			);
			name = LaunchScreen.storyboard;
			sourceTree = "<group>";
		};
/* End PBXVariantGroup section */

/* Begin XCBuildConfiguration section */
		4CF20AD52B21179100C9B8BB /* Debug */ = {
			isa = XCBuildConfiguration;
			buildSettings = {
				ALWAYS_SEARCH_USER_PATHS = NO;
				ASSETCATALOG_COMPILER_GENERATE_SWIFT_ASSET_SYMBOL_EXTENSIONS = YES;
				CLANG_ANALYZER_NONNULL = YES;
				CLANG_ANALYZER_NUMBER_OBJECT_CONVERSION = YES_AGGRESSIVE;
				CLANG_CXX_LANGUAGE_STANDARD = "gnu++20";
				CLANG_ENABLE_MODULES = YES;
				CLANG_ENABLE_OBJC_ARC = YES;
				CLANG_ENABLE_OBJC_WEAK = YES;
				CLANG_WARN_BLOCK_CAPTURE_AUTORELEASING = YES;
				CLANG_WARN_BOOL_CONVERSION = YES;
				CLANG_WARN_COMMA = YES;
				CLANG_WARN_CONSTANT_CONVERSION = YES;
				CLANG_WARN_DEPRECATED_OBJC_IMPLEMENTATIONS = YES;
				CLANG_WARN_DIRECT_OBJC_ISA_USAGE = YES_ERROR;
				CLANG_WARN_DOCUMENTATION_COMMENTS = YES;
				CLANG_WARN_EMPTY_BODY = YES;
				CLANG_WARN_ENUM_CONVERSION = YES;
				CLANG_WARN_INFINITE_RECURSION = YES;
				CLANG_WARN_INT_CONVERSION = YES;
				CLANG_WARN_NON_LITERAL_NULL_CONVERSION = YES;
				CLANG_WARN_OBJC_IMPLICIT_RETAIN_SELF = YES;
				CLANG_WARN_OBJC_LITERAL_CONVERSION = YES;
				CLANG_WARN_OBJC_ROOT_CLASS = YES_ERROR;
				CLANG_WARN_QUOTED_INCLUDE_IN_FRAMEWORK_HEADER = YES;
				CLANG_WARN_RANGE_LOOP_ANALYSIS = YES;
				CLANG_WARN_STRICT_PROTOTYPES = YES;
				CLANG_WARN_SUSPICIOUS_MOVE = YES;
				CLANG_WARN_UNGUARDED_AVAILABILITY = YES_AGGRESSIVE;
				CLANG_WARN_UNREACHABLE_CODE = YES;
				CLANG_WARN__DUPLICATE_METHOD_MATCH = YES;
				COPY_PHASE_STRIP = NO;
				DEBUG_INFORMATION_FORMAT = dwarf;
				ENABLE_STRICT_OBJC_MSGSEND = YES;
				ENABLE_TESTABILITY = YES;
				ENABLE_USER_SCRIPT_SANDBOXING = YES;
				GCC_C_LANGUAGE_STANDARD = gnu17;
				GCC_DYNAMIC_NO_PIC = NO;
				GCC_NO_COMMON_BLOCKS = YES;
				GCC_OPTIMIZATION_LEVEL = 0;
				GCC_PREPROCESSOR_DEFINITIONS = (
					"DEBUG=1",
					"$(inherited)",
				);
				GCC_WARN_64_TO_32_BIT_CONVERSION = YES;
				GCC_WARN_ABOUT_RETURN_TYPE = YES_ERROR;
				GCC_WARN_UNDECLARED_SELECTOR = YES;
				GCC_WARN_UNINITIALIZED_AUTOS = YES_AGGRESSIVE;
				GCC_WARN_UNUSED_FUNCTION = YES;
				GCC_WARN_UNUSED_VARIABLE = YES;
				IPHONEOS_DEPLOYMENT_TARGET = 17.0;
				LOCALIZATION_PREFERS_STRING_CATALOGS = YES;
				MTL_ENABLE_DEBUG_INFO = INCLUDE_SOURCE;
				MTL_FAST_MATH = YES;
				ONLY_ACTIVE_ARCH = YES;
				SDKROOT = iphoneos;
				SWIFT_ACTIVE_COMPILATION_CONDITIONS = "DEBUG $(inherited)";
				SWIFT_OPTIMIZATION_LEVEL = "-Onone";
			};
			name = Debug;
		};
		4CF20AD62B21179100C9B8BB /* Release */ = {
			isa = XCBuildConfiguration;
			buildSettings = {
				ALWAYS_SEARCH_USER_PATHS = NO;
				ASSETCATALOG_COMPILER_GENERATE_SWIFT_ASSET_SYMBOL_EXTENSIONS = YES;
				CLANG_ANALYZER_NONNULL = YES;
				CLANG_ANALYZER_NUMBER_OBJECT_CONVERSION = YES_AGGRESSIVE;
				CLANG_CXX_LANGUAGE_STANDARD = "gnu++20";
				CLANG_ENABLE_MODULES = YES;
				CLANG_ENABLE_OBJC_ARC = YES;
				CLANG_ENABLE_OBJC_WEAK = YES;
				CLANG_WARN_BLOCK_CAPTURE_AUTORELEASING = YES;
				CLANG_WARN_BOOL_CONVERSION = YES;
				CLANG_WARN_COMMA = YES;
				CLANG_WARN_CONSTANT_CONVERSION = YES;
				CLANG_WARN_DEPRECATED_OBJC_IMPLEMENTATIONS = YES;
				CLANG_WARN_DIRECT_OBJC_ISA_USAGE = YES_ERROR;
				CLANG_WARN_DOCUMENTATION_COMMENTS = YES;
				CLANG_WARN_EMPTY_BODY = YES;
				CLANG_WARN_ENUM_CONVERSION = YES;
				CLANG_WARN_INFINITE_RECURSION = YES;
				CLANG_WARN_INT_CONVERSION = YES;
				CLANG_WARN_NON_LITERAL_NULL_CONVERSION = YES;
				CLANG_WARN_OBJC_IMPLICIT_RETAIN_SELF = YES;
				CLANG_WARN_OBJC_LITERAL_CONVERSION = YES;
				CLANG_WARN_OBJC_ROOT_CLASS = YES_ERROR;
				CLANG_WARN_QUOTED_INCLUDE_IN_FRAMEWORK_HEADER = YES;
				CLANG_WARN_RANGE_LOOP_ANALYSIS = YES;
				CLANG_WARN_STRICT_PROTOTYPES = YES;
				CLANG_WARN_SUSPICIOUS_MOVE = YES;
				CLANG_WARN_UNGUARDED_AVAILABILITY = YES_AGGRESSIVE;
				CLANG_WARN_UNREACHABLE_CODE = YES;
				CLANG_WARN__DUPLICATE_METHOD_MATCH = YES;
				COPY_PHASE_STRIP = NO;
				DEBUG_INFORMATION_FORMAT = "dwarf-with-dsym";
				ENABLE_NS_ASSERTIONS = NO;
				ENABLE_STRICT_OBJC_MSGSEND = YES;
				ENABLE_USER_SCRIPT_SANDBOXING = YES;
				GCC_C_LANGUAGE_STANDARD = gnu17;
				GCC_NO_COMMON_BLOCKS = YES;
				GCC_WARN_64_TO_32_BIT_CONVERSION = YES;
				GCC_WARN_ABOUT_RETURN_TYPE = YES_ERROR;
				GCC_WARN_UNDECLARED_SELECTOR = YES;
				GCC_WARN_UNINITIALIZED_AUTOS = YES_AGGRESSIVE;
				GCC_WARN_UNUSED_FUNCTION = YES;
				GCC_WARN_UNUSED_VARIABLE = YES;
				IPHONEOS_DEPLOYMENT_TARGET = 17.0;
				LOCALIZATION_PREFERS_STRING_CATALOGS = YES;
				MTL_ENABLE_DEBUG_INFO = NO;
				MTL_FAST_MATH = YES;
				SDKROOT = iphoneos;
				SWIFT_COMPILATION_MODE = wholemodule;
				VALIDATE_PRODUCT = YES;
			};
			name = Release;
		};
		4CF20AD82B21179100C9B8BB /* Debug */ = {
			isa = XCBuildConfiguration;
			buildSettings = {
				ASSETCATALOG_COMPILER_APPICON_NAME = AppIcon;
				ASSETCATALOG_COMPILER_GLOBAL_ACCENT_COLOR_NAME = AccentColor;
				CODE_SIGN_STYLE = Automatic;
				CURRENT_PROJECT_VERSION = 1;
				DEVELOPMENT_TEAM = 5F5V2XRZ66;
				GENERATE_INFOPLIST_FILE = YES;
				INFOPLIST_FILE = HangmanGame/Info.plist;
				INFOPLIST_KEY_UIApplicationSupportsIndirectInputEvents = YES;
				INFOPLIST_KEY_UILaunchStoryboardName = LaunchScreen;
				INFOPLIST_KEY_UIMainStoryboardFile = Main;
				INFOPLIST_KEY_UISupportedInterfaceOrientations_iPad = "UIInterfaceOrientationPortrait UIInterfaceOrientationPortraitUpsideDown UIInterfaceOrientationLandscapeLeft UIInterfaceOrientationLandscapeRight";
				INFOPLIST_KEY_UISupportedInterfaceOrientations_iPhone = "UIInterfaceOrientationPortrait UIInterfaceOrientationLandscapeLeft UIInterfaceOrientationLandscapeRight";
				LD_RUNPATH_SEARCH_PATHS = (
					"$(inherited)",
					"@executable_path/Frameworks",
				);
				MARKETING_VERSION = 1.0;
				PRODUCT_BUNDLE_IDENTIFIER = myself.HangmanGame;
				PRODUCT_NAME = "$(TARGET_NAME)";
				SWIFT_EMIT_LOC_STRINGS = YES;
				SWIFT_VERSION = 5.0;
				TARGETED_DEVICE_FAMILY = "1,2";
			};
			name = Debug;
		};
		4CF20AD92B21179100C9B8BB /* Release */ = {
			isa = XCBuildConfiguration;
			buildSettings = {
				ASSETCATALOG_COMPILER_APPICON_NAME = AppIcon;
				ASSETCATALOG_COMPILER_GLOBAL_ACCENT_COLOR_NAME = AccentColor;
				CODE_SIGN_STYLE = Automatic;
				CURRENT_PROJECT_VERSION = 1;
				DEVELOPMENT_TEAM = 5F5V2XRZ66;
				GENERATE_INFOPLIST_FILE = YES;
				INFOPLIST_FILE = HangmanGame/Info.plist;
				INFOPLIST_KEY_UIApplicationSupportsIndirectInputEvents = YES;
				INFOPLIST_KEY_UILaunchStoryboardName = LaunchScreen;
				INFOPLIST_KEY_UIMainStoryboardFile = Main;
				INFOPLIST_KEY_UISupportedInterfaceOrientations_iPad = "UIInterfaceOrientationPortrait UIInterfaceOrientationPortraitUpsideDown UIInterfaceOrientationLandscapeLeft UIInterfaceOrientationLandscapeRight";
				INFOPLIST_KEY_UISupportedInterfaceOrientations_iPhone = "UIInterfaceOrientationPortrait UIInterfaceOrientationLandscapeLeft UIInterfaceOrientationLandscapeRight";
				LD_RUNPATH_SEARCH_PATHS = (
					"$(inherited)",
					"@executable_path/Frameworks",
				);
				MARKETING_VERSION = 1.0;
				PRODUCT_BUNDLE_IDENTIFIER = myself.HangmanGame;
				PRODUCT_NAME = "$(TARGET_NAME)";
				SWIFT_EMIT_LOC_STRINGS = YES;
				SWIFT_VERSION = 5.0;
				TARGETED_DEVICE_FAMILY = "1,2";
			};
			name = Release;
		};
/* End XCBuildConfiguration section */

/* Begin XCConfigurationList section */
		4CF20ABE2B21178D00C9B8BB /* Build configuration list for PBXProject "HangmanGame" */ = {
			isa = XCConfigurationList;
			buildConfigurations = (
				4CF20AD52B21179100C9B8BB /* Debug */,
				4CF20AD62B21179100C9B8BB /* Release */,
			);
			defaultConfigurationIsVisible = 0;
			defaultConfigurationName = Release;
		};
		4CF20AD72B21179100C9B8BB /* Build configuration list for PBXNativeTarget "HangmanGame" */ = {
			isa = XCConfigurationList;
			buildConfigurations = (
				4CF20AD82B21179100C9B8BB /* Debug */,
				4CF20AD92B21179100C9B8BB /* Release */,
			);
			defaultConfigurationIsVisible = 0;
			defaultConfigurationName = Release;
		};
/* End XCConfigurationList section */
	};
	rootObject = 4CF20ABB2B21178D00C9B8BB /* Project object */;
}
